
Microsoft Visual Studio Solution File, Format Version 12.00
# Visual Studio Version 16
VisualStudioVersion = 16.0.30907.101
MinimumVisualStudioVersion = 10.0.40219.1
Project("{8BC9CEB8-8B4A-11D0-8D11-00A0C91BC942}") = "04ConditionAndBranches", "04ConditionAndBranches\04ConditionAndBranches.vcxproj", "{58F3747A-0B93-4DAA-9E21-3E77E9A2ACE0}"
EndProject
Global
	GlobalSection(SolutionConfigurationPlatforms) = preSolution
		Debug|x64 = Debug|x64
		Debug|x86 = Debug|x86
		Release|x64 = Release|x64
		Release|x86 = Release|x86
	EndGlobalSection
	GlobalSection(ProjectConfigurationPlatforms) = postSolution
		{58F3747A-0B93-4DAA-9E21-3E77E9A2ACE0}.Debug|x64.ActiveCfg = Debug|x64
		{58F3747A-0B93-4DAA-9E21-3E77E9A2ACE0}.Debug|x64.Build.0 = Debug|x64
		{58F3747A-0B93-4DAA-9E21-3E77E9A2ACE0}.Debug|x86.ActiveCfg = Debug|Win32
		{58F3747A-0B93-4DAA-9E21-3E77E9A2ACE0}.Debug|x86.Build.0 = Debug|Win32
		{58F3747A-0B93-4DAA-9E21-3E77E9A2ACE0}.Release|x64.ActiveCfg = Release|x64
		{58F3747A-0B93-4DAA-9E21-3E77E9A2ACE0}.Release|x64.Build.0 = Release|x64
		{58F3747A-0B93-4DAA-9E21-3E77E9A2ACE0}.Release|x86.ActiveCfg = Release|Win32
		{58F3747A-0B93-4DAA-9E21-3E77E9A2ACE0}.Release|x86.Build.0 = Release|Win32
	EndGlobalSection
	GlobalSection(SolutionProperties) = preSolution
		HideSolutionNode = FALSE
	EndGlobalSection
	GlobalSection(ExtensibilityGlobals) = postSolution
		SolutionGuid = {86623B00-2F20-4D6A-8C0E-622949624EFF}
	EndGlobalSection
EndGlobal
